// !$*UTF8*$!
{
	archiveVersion = 1;
	classes = {
	};
	objectVersion = 51;
	objects = {

/* Begin PBXBuildFile section */
		6C3C6D5C31A23DDE6CCA7F2D /* Pods_Pokemon_PokemonUITests.framework in Frameworks */ = {isa = PBXBuildFile; fileRef = 0A67C9FDA05CAA98564D56FF /* Pods_Pokemon_PokemonUITests.framework */; };
		7F00445F2617AEEA005A668B /* PokeAPIService.swift in Sources */ = {isa = PBXBuildFile; fileRef = 7F00445E2617AEEA005A668B /* PokeAPIService.swift */; };
		7F00446426183BBD005A668B /* StatsViewController.swift in Sources */ = {isa = PBXBuildFile; fileRef = 7F00446326183BBD005A668B /* StatsViewController.swift */; };
		7F00449326190E3D005A668B /* Constants.swift in Sources */ = {isa = PBXBuildFile; fileRef = 7F00449226190E3D005A668B /* Constants.swift */; };
		7F00449E26192BE6005A668B /* SearchCollectionReusableView.swift in Sources */ = {isa = PBXBuildFile; fileRef = 7F00449D26192BE6005A668B /* SearchCollectionReusableView.swift */; };
		7FACD38E2617623B00B13822 /* AppDelegate.swift in Sources */ = {isa = PBXBuildFile; fileRef = 7FACD38D2617623B00B13822 /* AppDelegate.swift */; };
		7FACD3902617623B00B13822 /* SceneDelegate.swift in Sources */ = {isa = PBXBuildFile; fileRef = 7FACD38F2617623B00B13822 /* SceneDelegate.swift */; };
		7FACD3922617623B00B13822 /* HomeViewController.swift in Sources */ = {isa = PBXBuildFile; fileRef = 7FACD3912617623B00B13822 /* HomeViewController.swift */; };
		7FACD3952617623B00B13822 /* Main.storyboard in Resources */ = {isa = PBXBuildFile; fileRef = 7FACD3932617623B00B13822 /* Main.storyboard */; };
		7FACD3972617623B00B13822 /* Assets.xcassets in Resources */ = {isa = PBXBuildFile; fileRef = 7FACD3962617623B00B13822 /* Assets.xcassets */; };
		7FACD39A2617623B00B13822 /* LaunchScreen.storyboard in Resources */ = {isa = PBXBuildFile; fileRef = 7FACD3982617623B00B13822 /* LaunchScreen.storyboard */; };
		7FACD3A52617623C00B13822 /* PokemonTests.swift in Sources */ = {isa = PBXBuildFile; fileRef = 7FACD3A42617623C00B13822 /* PokemonTests.swift */; };
		7FACD3B02617623C00B13822 /* PokemonUITests.swift in Sources */ = {isa = PBXBuildFile; fileRef = 7FACD3AF2617623C00B13822 /* PokemonUITests.swift */; };
		7FE2D1A3261766B600FE7BF3 /* PokemonCollectionCell.swift in Sources */ = {isa = PBXBuildFile; fileRef = 7FE2D1A2261766B600FE7BF3 /* PokemonCollectionCell.swift */; };
		7FE2D1B226176ED300FE7BF3 /* Pokemon.swift in Sources */ = {isa = PBXBuildFile; fileRef = 7FE2D1B126176ED300FE7BF3 /* Pokemon.swift */; };
		7FE2D1B72617769000FE7BF3 /* PokemonStats.swift in Sources */ = {isa = PBXBuildFile; fileRef = 7FE2D1B62617769000FE7BF3 /* PokemonStats.swift */; };
		C6CC2A584D36994A1A0936C1 /* Pods_PokemonTests.framework in Frameworks */ = {isa = PBXBuildFile; fileRef = 2B5A833DCF025632F2158409 /* Pods_PokemonTests.framework */; };
		FA32CF005323686DB8EC97F8 /* Pods_Pokemon.framework in Frameworks */ = {isa = PBXBuildFile; fileRef = B662E165E3C2486BF5B95AE1 /* Pods_Pokemon.framework */; };
/* End PBXBuildFile section */

/* Begin PBXContainerItemProxy section */
		7FACD3A12617623C00B13822 /* PBXContainerItemProxy */ = {
			isa = PBXContainerItemProxy;
			containerPortal = 7FACD3822617623B00B13822 /* Project object */;
			proxyType = 1;
			remoteGlobalIDString = 7FACD3892617623B00B13822;
			remoteInfo = Pokemon;
		};
		7FACD3AC2617623C00B13822 /* PBXContainerItemProxy */ = {
			isa = PBXContainerItemProxy;
			containerPortal = 7FACD3822617623B00B13822 /* Project object */;
			proxyType = 1;
			remoteGlobalIDString = 7FACD3892617623B00B13822;
			remoteInfo = Pokemon;
		};
/* End PBXContainerItemProxy section */

/* Begin PBXFileReference section */
		0A67C9FDA05CAA98564D56FF /* Pods_Pokemon_PokemonUITests.framework */ = {isa = PBXFileReference; explicitFileType = wrapper.framework; includeInIndex = 0; path = Pods_Pokemon_PokemonUITests.framework; sourceTree = BUILT_PRODUCTS_DIR; };
		2B5A833DCF025632F2158409 /* Pods_PokemonTests.framework */ = {isa = PBXFileReference; explicitFileType = wrapper.framework; includeInIndex = 0; path = Pods_PokemonTests.framework; sourceTree = BUILT_PRODUCTS_DIR; };
		2F087A512499ADF444A19953 /* Pods-PokemonTests.release.xcconfig */ = {isa = PBXFileReference; includeInIndex = 1; lastKnownFileType = text.xcconfig; name = "Pods-PokemonTests.release.xcconfig"; path = "Target Support Files/Pods-PokemonTests/Pods-PokemonTests.release.xcconfig"; sourceTree = "<group>"; };
		6134D871CCFB6B0C00AA13B6 /* Pods-Pokemon.debug.xcconfig */ = {isa = PBXFileReference; includeInIndex = 1; lastKnownFileType = text.xcconfig; name = "Pods-Pokemon.debug.xcconfig"; path = "Target Support Files/Pods-Pokemon/Pods-Pokemon.debug.xcconfig"; sourceTree = "<group>"; };
		6446D6BEBAB2ECD8FA584F79 /* Pods-Pokemon.release.xcconfig */ = {isa = PBXFileReference; includeInIndex = 1; lastKnownFileType = text.xcconfig; name = "Pods-Pokemon.release.xcconfig"; path = "Target Support Files/Pods-Pokemon/Pods-Pokemon.release.xcconfig"; sourceTree = "<group>"; };
		77AD48CB6B40693E6D2DC2EA /* Pods-PokemonTests.debug.xcconfig */ = {isa = PBXFileReference; includeInIndex = 1; lastKnownFileType = text.xcconfig; name = "Pods-PokemonTests.debug.xcconfig"; path = "Target Support Files/Pods-PokemonTests/Pods-PokemonTests.debug.xcconfig"; sourceTree = "<group>"; };
		7E49D02A694D32D2C333DD67 /* Pods-Pokemon-PokemonUITests.release.xcconfig */ = {isa = PBXFileReference; includeInIndex = 1; lastKnownFileType = text.xcconfig; name = "Pods-Pokemon-PokemonUITests.release.xcconfig"; path = "Target Support Files/Pods-Pokemon-PokemonUITests/Pods-Pokemon-PokemonUITests.release.xcconfig"; sourceTree = "<group>"; };
		7F00445E2617AEEA005A668B /* PokeAPIService.swift */ = {isa = PBXFileReference; lastKnownFileType = sourcecode.swift; path = PokeAPIService.swift; sourceTree = "<group>"; };
		7F00446326183BBD005A668B /* StatsViewController.swift */ = {isa = PBXFileReference; lastKnownFileType = sourcecode.swift; path = StatsViewController.swift; sourceTree = "<group>"; };
		7F00449226190E3D005A668B /* Constants.swift */ = {isa = PBXFileReference; lastKnownFileType = sourcecode.swift; path = Constants.swift; sourceTree = "<group>"; };
		7F00449D26192BE6005A668B /* SearchCollectionReusableView.swift */ = {isa = PBXFileReference; lastKnownFileType = sourcecode.swift; path = SearchCollectionReusableView.swift; sourceTree = "<group>"; };
		7FACD38A2617623B00B13822 /* Pokemon.app */ = {isa = PBXFileReference; explicitFileType = wrapper.application; includeInIndex = 0; path = Pokemon.app; sourceTree = BUILT_PRODUCTS_DIR; };
		7FACD38D2617623B00B13822 /* AppDelegate.swift */ = {isa = PBXFileReference; lastKnownFileType = sourcecode.swift; path = AppDelegate.swift; sourceTree = "<group>"; };
		7FACD38F2617623B00B13822 /* SceneDelegate.swift */ = {isa = PBXFileReference; lastKnownFileType = sourcecode.swift; path = SceneDelegate.swift; sourceTree = "<group>"; };
		7FACD3912617623B00B13822 /* HomeViewController.swift */ = {isa = PBXFileReference; lastKnownFileType = sourcecode.swift; path = HomeViewController.swift; sourceTree = "<group>"; };
		7FACD3942617623B00B13822 /* Base */ = {isa = PBXFileReference; lastKnownFileType = file.storyboard; name = Base; path = Base.lproj/Main.storyboard; sourceTree = "<group>"; };
		7FACD3962617623B00B13822 /* Assets.xcassets */ = {isa = PBXFileReference; lastKnownFileType = folder.assetcatalog; path = Assets.xcassets; sourceTree = "<group>"; };
		7FACD3992617623B00B13822 /* Base */ = {isa = PBXFileReference; lastKnownFileType = file.storyboard; name = Base; path = Base.lproj/LaunchScreen.storyboard; sourceTree = "<group>"; };
		7FACD39B2617623B00B13822 /* Info.plist */ = {isa = PBXFileReference; lastKnownFileType = text.plist.xml; path = Info.plist; sourceTree = "<group>"; };
		7FACD3A02617623C00B13822 /* PokemonTests.xctest */ = {isa = PBXFileReference; explicitFileType = wrapper.cfbundle; includeInIndex = 0; path = PokemonTests.xctest; sourceTree = BUILT_PRODUCTS_DIR; };
		7FACD3A42617623C00B13822 /* PokemonTests.swift */ = {isa = PBXFileReference; lastKnownFileType = sourcecode.swift; path = PokemonTests.swift; sourceTree = "<group>"; };
		7FACD3A62617623C00B13822 /* Info.plist */ = {isa = PBXFileReference; lastKnownFileType = text.plist.xml; path = Info.plist; sourceTree = "<group>"; };
		7FACD3AB2617623C00B13822 /* PokemonUITests.xctest */ = {isa = PBXFileReference; explicitFileType = wrapper.cfbundle; includeInIndex = 0; path = PokemonUITests.xctest; sourceTree = BUILT_PRODUCTS_DIR; };
		7FACD3AF2617623C00B13822 /* PokemonUITests.swift */ = {isa = PBXFileReference; lastKnownFileType = sourcecode.swift; path = PokemonUITests.swift; sourceTree = "<group>"; };
		7FACD3B12617623C00B13822 /* Info.plist */ = {isa = PBXFileReference; lastKnownFileType = text.plist.xml; path = Info.plist; sourceTree = "<group>"; };
		7FE2D1A2261766B600FE7BF3 /* PokemonCollectionCell.swift */ = {isa = PBXFileReference; lastKnownFileType = sourcecode.swift; path = PokemonCollectionCell.swift; sourceTree = "<group>"; };
		7FE2D1B126176ED300FE7BF3 /* Pokemon.swift */ = {isa = PBXFileReference; lastKnownFileType = sourcecode.swift; path = Pokemon.swift; sourceTree = "<group>"; };
		7FE2D1B62617769000FE7BF3 /* PokemonStats.swift */ = {isa = PBXFileReference; lastKnownFileType = sourcecode.swift; path = PokemonStats.swift; sourceTree = "<group>"; };
		B662E165E3C2486BF5B95AE1 /* Pods_Pokemon.framework */ = {isa = PBXFileReference; explicitFileType = wrapper.framework; includeInIndex = 0; path = Pods_Pokemon.framework; sourceTree = BUILT_PRODUCTS_DIR; };
		E2D60CBA04A6D4E460925A8D /* Pods-Pokemon-PokemonUITests.debug.xcconfig */ = {isa = PBXFileReference; includeInIndex = 1; lastKnownFileType = text.xcconfig; name = "Pods-Pokemon-PokemonUITests.debug.xcconfig"; path = "Target Support Files/Pods-Pokemon-PokemonUITests/Pods-Pokemon-PokemonUITests.debug.xcconfig"; sourceTree = "<group>"; };
/* End PBXFileReference section */

/* Begin PBXFrameworksBuildPhase section */
		7FACD3872617623B00B13822 /* Frameworks */ = {
			isa = PBXFrameworksBuildPhase;
			buildActionMask = 2147483647;
			files = (
				FA32CF005323686DB8EC97F8 /* Pods_Pokemon.framework in Frameworks */,
			);
			runOnlyForDeploymentPostprocessing = 0;
		};
		7FACD39D2617623C00B13822 /* Frameworks */ = {
			isa = PBXFrameworksBuildPhase;
			buildActionMask = 2147483647;
			files = (
				C6CC2A584D36994A1A0936C1 /* Pods_PokemonTests.framework in Frameworks */,
			);
			runOnlyForDeploymentPostprocessing = 0;
		};
		7FACD3A82617623C00B13822 /* Frameworks */ = {
			isa = PBXFrameworksBuildPhase;
			buildActionMask = 2147483647;
			files = (
				6C3C6D5C31A23DDE6CCA7F2D /* Pods_Pokemon_PokemonUITests.framework in Frameworks */,
			);
			runOnlyForDeploymentPostprocessing = 0;
		};
/* End PBXFrameworksBuildPhase section */

/* Begin PBXGroup section */
		265216245CC89E962AE1DF2E /* Frameworks */ = {
			isa = PBXGroup;
			children = (
				B662E165E3C2486BF5B95AE1 /* Pods_Pokemon.framework */,
				0A67C9FDA05CAA98564D56FF /* Pods_Pokemon_PokemonUITests.framework */,
				2B5A833DCF025632F2158409 /* Pods_PokemonTests.framework */,
			);
			name = Frameworks;
			sourceTree = "<group>";
		};
		4E765A38D385C2AED669726D /* Pods */ = {
			isa = PBXGroup;
			children = (
				6134D871CCFB6B0C00AA13B6 /* Pods-Pokemon.debug.xcconfig */,
				6446D6BEBAB2ECD8FA584F79 /* Pods-Pokemon.release.xcconfig */,
				E2D60CBA04A6D4E460925A8D /* Pods-Pokemon-PokemonUITests.debug.xcconfig */,
				7E49D02A694D32D2C333DD67 /* Pods-Pokemon-PokemonUITests.release.xcconfig */,
				77AD48CB6B40693E6D2DC2EA /* Pods-PokemonTests.debug.xcconfig */,
				2F087A512499ADF444A19953 /* Pods-PokemonTests.release.xcconfig */,
			);
			path = Pods;
			sourceTree = "<group>";
		};
		7F00445D2617AEB7005A668B /* Service */ = {
			isa = PBXGroup;
			children = (
				7F00445E2617AEEA005A668B /* PokeAPIService.swift */,
			);
			path = Service;
			sourceTree = "<group>";
		};
		7F00449126190D7A005A668B /* Utility */ = {
			isa = PBXGroup;
			children = (
				7F00449226190E3D005A668B /* Constants.swift */,
			);
			path = Utility;
			sourceTree = "<group>";
		};
		7FACD3812617623B00B13822 = {
			isa = PBXGroup;
			children = (
				7FACD38C2617623B00B13822 /* Pokemon */,
				7FACD3A32617623C00B13822 /* PokemonTests */,
				7FACD3AE2617623C00B13822 /* PokemonUITests */,
				7FACD38B2617623B00B13822 /* Products */,
				4E765A38D385C2AED669726D /* Pods */,
				265216245CC89E962AE1DF2E /* Frameworks */,
			);
			sourceTree = "<group>";
		};
		7FACD38B2617623B00B13822 /* Products */ = {
			isa = PBXGroup;
			children = (
				7FACD38A2617623B00B13822 /* Pokemon.app */,
				7FACD3A02617623C00B13822 /* PokemonTests.xctest */,
				7FACD3AB2617623C00B13822 /* PokemonUITests.xctest */,
			);
			name = Products;
			sourceTree = "<group>";
		};
		7FACD38C2617623B00B13822 /* Pokemon */ = {
			isa = PBXGroup;
			children = (
				7FACD38D2617623B00B13822 /* AppDelegate.swift */,
				7FACD38F2617623B00B13822 /* SceneDelegate.swift */,
				7F00449126190D7A005A668B /* Utility */,
				7F00445D2617AEB7005A668B /* Service */,
				7FE2D1A02617667E00FE7BF3 /* Models */,
				7FE2D1A12617668C00FE7BF3 /* Views */,
				7FE2D19C2617667300FE7BF3 /* Controller */,
				7FACD3932617623B00B13822 /* Main.storyboard */,
				7FACD3962617623B00B13822 /* Assets.xcassets */,
				7FACD3982617623B00B13822 /* LaunchScreen.storyboard */,
				7FACD39B2617623B00B13822 /* Info.plist */,
			);
			path = Pokemon;
			sourceTree = "<group>";
		};
		7FACD3A32617623C00B13822 /* PokemonTests */ = {
			isa = PBXGroup;
			children = (
				7FACD3A42617623C00B13822 /* PokemonTests.swift */,
				7FACD3A62617623C00B13822 /* Info.plist */,
			);
			path = PokemonTests;
			sourceTree = "<group>";
		};
		7FACD3AE2617623C00B13822 /* PokemonUITests */ = {
			isa = PBXGroup;
			children = (
				7FACD3AF2617623C00B13822 /* PokemonUITests.swift */,
				7FACD3B12617623C00B13822 /* Info.plist */,
			);
			path = PokemonUITests;
			sourceTree = "<group>";
		};
		7FE2D19C2617667300FE7BF3 /* Controller */ = {
			isa = PBXGroup;
			children = (
				7FACD3912617623B00B13822 /* HomeViewController.swift */,
				7F00446326183BBD005A668B /* StatsViewController.swift */,
			);
			path = Controller;
			sourceTree = "<group>";
		};
		7FE2D1A02617667E00FE7BF3 /* Models */ = {
			isa = PBXGroup;
			children = (
				7FE2D1B126176ED300FE7BF3 /* Pokemon.swift */,
				7FE2D1B62617769000FE7BF3 /* PokemonStats.swift */,
			);
			path = Models;
			sourceTree = "<group>";
		};
		7FE2D1A12617668C00FE7BF3 /* Views */ = {
			isa = PBXGroup;
			children = (
				7FE2D1A2261766B600FE7BF3 /* PokemonCollectionCell.swift */,
				7F00449D26192BE6005A668B /* SearchCollectionReusableView.swift */,
			);
			path = Views;
			sourceTree = "<group>";
		};
/* End PBXGroup section */

/* Begin PBXNativeTarget section */
		7FACD3892617623B00B13822 /* Pokemon */ = {
			isa = PBXNativeTarget;
			buildConfigurationList = 7FACD3B42617623C00B13822 /* Build configuration list for PBXNativeTarget "Pokemon" */;
			buildPhases = (
				026E9CD5E03B29A9CF8AFBE6 /* [CP] Check Pods Manifest.lock */,
				7FACD3862617623B00B13822 /* Sources */,
				7FACD3872617623B00B13822 /* Frameworks */,
				7FACD3882617623B00B13822 /* Resources */,
				AE902F6CA72E33D1D7A11424 /* [CP] Embed Pods Frameworks */,
			);
			buildRules = (
			);
			dependencies = (
			);
			name = Pokemon;
			productName = Pokemon;
			productReference = 7FACD38A2617623B00B13822 /* Pokemon.app */;
			productType = "com.apple.product-type.application";
		};
		7FACD39F2617623C00B13822 /* PokemonTests */ = {
			isa = PBXNativeTarget;
			buildConfigurationList = 7FACD3B72617623C00B13822 /* Build configuration list for PBXNativeTarget "PokemonTests" */;
			buildPhases = (
				E510A29163E2DDB43251AB79 /* [CP] Check Pods Manifest.lock */,
				7FACD39C2617623C00B13822 /* Sources */,
				7FACD39D2617623C00B13822 /* Frameworks */,
				7FACD39E2617623C00B13822 /* Resources */,
			);
			buildRules = (
			);
			dependencies = (
				7FACD3A22617623C00B13822 /* PBXTargetDependency */,
			);
			name = PokemonTests;
			productName = PokemonTests;
			productReference = 7FACD3A02617623C00B13822 /* PokemonTests.xctest */;
			productType = "com.apple.product-type.bundle.unit-test";
		};
		7FACD3AA2617623C00B13822 /* PokemonUITests */ = {
			isa = PBXNativeTarget;
			buildConfigurationList = 7FACD3BA2617623C00B13822 /* Build configuration list for PBXNativeTarget "PokemonUITests" */;
			buildPhases = (
				57F8C191685B20F7EAA9CBC2 /* [CP] Check Pods Manifest.lock */,
				7FACD3A72617623C00B13822 /* Sources */,
				7FACD3A82617623C00B13822 /* Frameworks */,
				7FACD3A92617623C00B13822 /* Resources */,
				C398C913B63633ED85010C2E /* [CP] Embed Pods Frameworks */,
			);
			buildRules = (
			);
			dependencies = (
				7FACD3AD2617623C00B13822 /* PBXTargetDependency */,
			);
			name = PokemonUITests;
			productName = PokemonUITests;
			productReference = 7FACD3AB2617623C00B13822 /* PokemonUITests.xctest */;
			productType = "com.apple.product-type.bundle.ui-testing";
		};
/* End PBXNativeTarget section */

/* Begin PBXProject section */
		7FACD3822617623B00B13822 /* Project object */ = {
			isa = PBXProject;
			attributes = {
				LastSwiftUpdateCheck = 1240;
				LastUpgradeCheck = 1240;
				TargetAttributes = {
					7FACD3892617623B00B13822 = {
						CreatedOnToolsVersion = 12.4;
					};
					7FACD39F2617623C00B13822 = {
						CreatedOnToolsVersion = 12.4;
						TestTargetID = 7FACD3892617623B00B13822;
					};
					7FACD3AA2617623C00B13822 = {
						CreatedOnToolsVersion = 12.4;
						TestTargetID = 7FACD3892617623B00B13822;
					};
				};
			};
			buildConfigurationList = 7FACD3852617623B00B13822 /* Build configuration list for PBXProject "Pokemon" */;
			compatibilityVersion = "Xcode 9.3";
			developmentRegion = en;
			hasScannedForEncodings = 0;
			knownRegions = (
				en,
				Base,
			);
			mainGroup = 7FACD3812617623B00B13822;
			productRefGroup = 7FACD38B2617623B00B13822 /* Products */;
			projectDirPath = "";
			projectRoot = "";
			targets = (
				7FACD3892617623B00B13822 /* Pokemon */,
				7FACD39F2617623C00B13822 /* PokemonTests */,
				7FACD3AA2617623C00B13822 /* PokemonUITests */,
			);
		};
/* End PBXProject section */

/* Begin PBXResourcesBuildPhase section */
		7FACD3882617623B00B13822 /* Resources */ = {
			isa = PBXResourcesBuildPhase;
			buildActionMask = 2147483647;
			files = (
				7FACD39A2617623B00B13822 /* LaunchScreen.storyboard in Resources */,
				7FACD3972617623B00B13822 /* Assets.xcassets in Resources */,
				7FACD3952617623B00B13822 /* Main.storyboard in Resources */,
			);
			runOnlyForDeploymentPostprocessing = 0;
		};
		7FACD39E2617623C00B13822 /* Resources */ = {
			isa = PBXResourcesBuildPhase;
			buildActionMask = 2147483647;
			files = (
			);
			runOnlyForDeploymentPostprocessing = 0;
		};
		7FACD3A92617623C00B13822 /* Resources */ = {
			isa = PBXResourcesBuildPhase;
			buildActionMask = 2147483647;
			files = (
			);
			runOnlyForDeploymentPostprocessing = 0;
		};
/* End PBXResourcesBuildPhase section */

/* Begin PBXShellScriptBuildPhase section */
		026E9CD5E03B29A9CF8AFBE6 /* [CP] Check Pods Manifest.lock */ = {
			isa = PBXShellScriptBuildPhase;
			buildActionMask = 2147483647;
			files = (
			);
			inputFileListPaths = (
			);
			inputPaths = (
				"${PODS_PODFILE_DIR_PATH}/Podfile.lock",
				"${PODS_ROOT}/Manifest.lock",
			);
			name = "[CP] Check Pods Manifest.lock";
			outputFileListPaths = (
			);
			outputPaths = (
				"$(DERIVED_FILE_DIR)/Pods-Pokemon-checkManifestLockResult.txt",
			);
			runOnlyForDeploymentPostprocessing = 0;
			shellPath = /bin/sh;
			shellScript = "diff \"${PODS_PODFILE_DIR_PATH}/Podfile.lock\" \"${PODS_ROOT}/Manifest.lock\" > /dev/null\nif [ $? != 0 ] ; then\n    # print error to STDERR\n    echo \"error: The sandbox is not in sync with the Podfile.lock. Run 'pod install' or update your CocoaPods installation.\" >&2\n    exit 1\nfi\n# This output is used by Xcode 'outputs' to avoid re-running this script phase.\necho \"SUCCESS\" > \"${SCRIPT_OUTPUT_FILE_0}\"\n";
			showEnvVarsInLog = 0;
		};
		57F8C191685B20F7EAA9CBC2 /* [CP] Check Pods Manifest.lock */ = {
			isa = PBXShellScriptBuildPhase;
			buildActionMask = 2147483647;
			files = (
			);
			inputFileListPaths = (
			);
			inputPaths = (
				"${PODS_PODFILE_DIR_PATH}/Podfile.lock",
				"${PODS_ROOT}/Manifest.lock",
			);
			name = "[CP] Check Pods Manifest.lock";
			outputFileListPaths = (
			);
			outputPaths = (
				"$(DERIVED_FILE_DIR)/Pods-Pokemon-PokemonUITests-checkManifestLockResult.txt",
			);
			runOnlyForDeploymentPostprocessing = 0;
			shellPath = /bin/sh;
			shellScript = "diff \"${PODS_PODFILE_DIR_PATH}/Podfile.lock\" \"${PODS_ROOT}/Manifest.lock\" > /dev/null\nif [ $? != 0 ] ; then\n    # print error to STDERR\n    echo \"error: The sandbox is not in sync with the Podfile.lock. Run 'pod install' or update your CocoaPods installation.\" >&2\n    exit 1\nfi\n# This output is used by Xcode 'outputs' to avoid re-running this script phase.\necho \"SUCCESS\" > \"${SCRIPT_OUTPUT_FILE_0}\"\n";
			showEnvVarsInLog = 0;
		};
		AE902F6CA72E33D1D7A11424 /* [CP] Embed Pods Frameworks */ = {
			isa = PBXShellScriptBuildPhase;
			buildActionMask = 2147483647;
			files = (
			);
			inputFileListPaths = (
				"${PODS_ROOT}/Target Support Files/Pods-Pokemon/Pods-Pokemon-frameworks-${CONFIGURATION}-input-files.xcfilelist",
			);
			name = "[CP] Embed Pods Frameworks";
			outputFileListPaths = (
				"${PODS_ROOT}/Target Support Files/Pods-Pokemon/Pods-Pokemon-frameworks-${CONFIGURATION}-output-files.xcfilelist",
			);
			runOnlyForDeploymentPostprocessing = 0;
			shellPath = /bin/sh;
			shellScript = "\"${PODS_ROOT}/Target Support Files/Pods-Pokemon/Pods-Pokemon-frameworks.sh\"\n";
			showEnvVarsInLog = 0;
		};
		C398C913B63633ED85010C2E /* [CP] Embed Pods Frameworks */ = {
			isa = PBXShellScriptBuildPhase;
			buildActionMask = 2147483647;
			files = (
			);
			inputFileListPaths = (
				"${PODS_ROOT}/Target Support Files/Pods-Pokemon-PokemonUITests/Pods-Pokemon-PokemonUITests-frameworks-${CONFIGURATION}-input-files.xcfilelist",
			);
			name = "[CP] Embed Pods Frameworks";
			outputFileListPaths = (
				"${PODS_ROOT}/Target Support Files/Pods-Pokemon-PokemonUITests/Pods-Pokemon-PokemonUITests-frameworks-${CONFIGURATION}-output-files.xcfilelist",
			);
			runOnlyForDeploymentPostprocessing = 0;
			shellPath = /bin/sh;
			shellScript = "\"${PODS_ROOT}/Target Support Files/Pods-Pokemon-PokemonUITests/Pods-Pokemon-PokemonUITests-frameworks.sh\"\n";
			showEnvVarsInLog = 0;
		};
		E510A29163E2DDB43251AB79 /* [CP] Check Pods Manifest.lock */ = {
			isa = PBXShellScriptBuildPhase;
			buildActionMask = 2147483647;
			files = (
			);
			inputFileListPaths = (
			);
			inputPaths = (
				"${PODS_PODFILE_DIR_PATH}/Podfile.lock",
				"${PODS_ROOT}/Manifest.lock",
			);
			name = "[CP] Check Pods Manifest.lock";
			outputFileListPaths = (
			);
			outputPaths = (
				"$(DERIVED_FILE_DIR)/Pods-PokemonTests-checkManifestLockResult.txt",
			);
			runOnlyForDeploymentPostprocessing = 0;
			shellPath = /bin/sh;
			shellScript = "diff \"${PODS_PODFILE_DIR_PATH}/Podfile.lock\" \"${PODS_ROOT}/Manifest.lock\" > /dev/null\nif [ $? != 0 ] ; then\n    # print error to STDERR\n    echo \"error: The sandbox is not in sync with the Podfile.lock. Run 'pod install' or update your CocoaPods installation.\" >&2\n    exit 1\nfi\n# This output is used by Xcode 'outputs' to avoid re-running this script phase.\necho \"SUCCESS\" > \"${SCRIPT_OUTPUT_FILE_0}\"\n";
			showEnvVarsInLog = 0;
		};
/* End PBXShellScriptBuildPhase section */

/* Begin PBXSourcesBuildPhase section */
		7FACD3862617623B00B13822 /* Sources */ = {
			isa = PBXSourcesBuildPhase;
			buildActionMask = 2147483647;
			files = (
				7FE2D1B226176ED300FE7BF3 /* Pokemon.swift in Sources */,
				7F00449E26192BE6005A668B /* SearchCollectionReusableView.swift in Sources */,
				7FE2D1B72617769000FE7BF3 /* PokemonStats.swift in Sources */,
				7F00446426183BBD005A668B /* StatsViewController.swift in Sources */,
				7FACD3922617623B00B13822 /* HomeViewController.swift in Sources */,
				7FACD38E2617623B00B13822 /* AppDelegate.swift in Sources */,
				7FACD3902617623B00B13822 /* SceneDelegate.swift in Sources */,
				7FE2D1A3261766B600FE7BF3 /* PokemonCollectionCell.swift in Sources */,
				7F00449326190E3D005A668B /* Constants.swift in Sources */,
				7F00445F2617AEEA005A668B /* PokeAPIService.swift in Sources */,
			);
			runOnlyForDeploymentPostprocessing = 0;
		};
		7FACD39C2617623C00B13822 /* Sources */ = {
			isa = PBXSourcesBuildPhase;
			buildActionMask = 2147483647;
			files = (
				7FACD3A52617623C00B13822 /* PokemonTests.swift in Sources */,
			);
			runOnlyForDeploymentPostprocessing = 0;
		};
		7FACD3A72617623C00B13822 /* Sources */ = {
			isa = PBXSourcesBuildPhase;
			buildActionMask = 2147483647;
			files = (
				7FACD3B02617623C00B13822 /* PokemonUITests.swift in Sources */,
			);
			runOnlyForDeploymentPostprocessing = 0;
		};
/* End PBXSourcesBuildPhase section */

/* Begin PBXTargetDependency section */
		7FACD3A22617623C00B13822 /* PBXTargetDependency */ = {
			isa = PBXTargetDependency;
			target = 7FACD3892617623B00B13822 /* Pokemon */;
			targetProxy = 7FACD3A12617623C00B13822 /* PBXContainerItemProxy */;
		};
		7FACD3AD2617623C00B13822 /* PBXTargetDependency */ = {
			isa = PBXTargetDependency;
			target = 7FACD3892617623B00B13822 /* Pokemon */;
			targetProxy = 7FACD3AC2617623C00B13822 /* PBXContainerItemProxy */;
		};
/* End PBXTargetDependency section */

/* Begin PBXVariantGroup section */
		7FACD3932617623B00B13822 /* Main.storyboard */ = {
			isa = PBXVariantGroup;
			children = (
				7FACD3942617623B00B13822 /* Base */,
			);
			name = Main.storyboard;
			sourceTree = "<group>";
		};
		7FACD3982617623B00B13822 /* LaunchScreen.storyboard */ = {
			isa = PBXVariantGroup;
			children = (
				7FACD3992617623B00B13822 /* Base */,
			);
			name = LaunchScreen.storyboard;
			sourceTree = "<group>";
		};
/* End PBXVariantGroup section */

/* Begin XCBuildConfiguration section */
		7FACD3B22617623C00B13822 /* Debug */ = {
			isa = XCBuildConfiguration;
			buildSettings = {
				ALWAYS_SEARCH_USER_PATHS = NO;
				CLANG_ANALYZER_NONNULL = YES;
				CLANG_ANALYZER_NUMBER_OBJECT_CONVERSION = YES_AGGRESSIVE;
				CLANG_CXX_LANGUAGE_STANDARD = "gnu++14";
				CLANG_CXX_LIBRARY = "libc++";
				CLANG_ENABLE_MODULES = YES;
				CLANG_ENABLE_OBJC_ARC = YES;
				CLANG_ENABLE_OBJC_WEAK = YES;
				CLANG_WARN_BLOCK_CAPTURE_AUTORELEASING = YES;
				CLANG_WARN_BOOL_CONVERSION = YES;
				CLANG_WARN_COMMA = YES;
				CLANG_WARN_CONSTANT_CONVERSION = YES;
				CLANG_WARN_DEPRECATED_OBJC_IMPLEMENTATIONS = YES;
				CLANG_WARN_DIRECT_OBJC_ISA_USAGE = YES_ERROR;
				CLANG_WARN_DOCUMENTATION_COMMENTS = YES;
				CLANG_WARN_EMPTY_BODY = YES;
				CLANG_WARN_ENUM_CONVERSION = YES;
				CLANG_WARN_INFINITE_RECURSION = YES;
				CLANG_WARN_INT_CONVERSION = YES;
				CLANG_WARN_NON_LITERAL_NULL_CONVERSION = YES;
				CLANG_WARN_OBJC_IMPLICIT_RETAIN_SELF = YES;
				CLANG_WARN_OBJC_LITERAL_CONVERSION = YES;
				CLANG_WARN_OBJC_ROOT_CLASS = YES_ERROR;
				CLANG_WARN_QUOTED_INCLUDE_IN_FRAMEWORK_HEADER = YES;
				CLANG_WARN_RANGE_LOOP_ANALYSIS = YES;
				CLANG_WARN_STRICT_PROTOTYPES = YES;
				CLANG_WARN_SUSPICIOUS_MOVE = YES;
				CLANG_WARN_UNGUARDED_AVAILABILITY = YES_AGGRESSIVE;
				CLANG_WARN_UNREACHABLE_CODE = YES;
				CLANG_WARN__DUPLICATE_METHOD_MATCH = YES;
				COPY_PHASE_STRIP = NO;
				DEBUG_INFORMATION_FORMAT = dwarf;
				ENABLE_STRICT_OBJC_MSGSEND = YES;
				ENABLE_TESTABILITY = YES;
				GCC_C_LANGUAGE_STANDARD = gnu11;
				GCC_DYNAMIC_NO_PIC = NO;
				GCC_NO_COMMON_BLOCKS = YES;
				GCC_OPTIMIZATION_LEVEL = 0;
				GCC_PREPROCESSOR_DEFINITIONS = (
					"DEBUG=1",
					"$(inherited)",
				);
				GCC_WARN_64_TO_32_BIT_CONVERSION = YES;
				GCC_WARN_ABOUT_RETURN_TYPE = YES_ERROR;
				GCC_WARN_UNDECLARED_SELECTOR = YES;
				GCC_WARN_UNINITIALIZED_AUTOS = YES_AGGRESSIVE;
				GCC_WARN_UNUSED_FUNCTION = YES;
				GCC_WARN_UNUSED_VARIABLE = YES;
				IPHONEOS_DEPLOYMENT_TARGET = 13.0;
				MTL_ENABLE_DEBUG_INFO = INCLUDE_SOURCE;
				MTL_FAST_MATH = YES;
				ONLY_ACTIVE_ARCH = YES;
				SDKROOT = iphoneos;
				SWIFT_ACTIVE_COMPILATION_CONDITIONS = DEBUG;
				SWIFT_OPTIMIZATION_LEVEL = "-Onone";
			};
			name = Debug;
		};
		7FACD3B32617623C00B13822 /* Release */ = {
			isa = XCBuildConfiguration;
			buildSettings = {
				ALWAYS_SEARCH_USER_PATHS = NO;
				CLANG_ANALYZER_NONNULL = YES;
				CLANG_ANALYZER_NUMBER_OBJECT_CONVERSION = YES_AGGRESSIVE;
				CLANG_CXX_LANGUAGE_STANDARD = "gnu++14";
				CLANG_CXX_LIBRARY = "libc++";
				CLANG_ENABLE_MODULES = YES;
				CLANG_ENABLE_OBJC_ARC = YES;
				CLANG_ENABLE_OBJC_WEAK = YES;
				CLANG_WARN_BLOCK_CAPTURE_AUTORELEASING = YES;
				CLANG_WARN_BOOL_CONVERSION = YES;
				CLANG_WARN_COMMA = YES;
				CLANG_WARN_CONSTANT_CONVERSION = YES;
				CLANG_WARN_DEPRECATED_OBJC_IMPLEMENTATIONS = YES;
				CLANG_WARN_DIRECT_OBJC_ISA_USAGE = YES_ERROR;
				CLANG_WARN_DOCUMENTATION_COMMENTS = YES;
				CLANG_WARN_EMPTY_BODY = YES;
				CLANG_WARN_ENUM_CONVERSION = YES;
				CLANG_WARN_INFINITE_RECURSION = YES;
				CLANG_WARN_INT_CONVERSION = YES;
				CLANG_WARN_NON_LITERAL_NULL_CONVERSION = YES;
				CLANG_WARN_OBJC_IMPLICIT_RETAIN_SELF = YES;
				CLANG_WARN_OBJC_LITERAL_CONVERSION = YES;
				CLANG_WARN_OBJC_ROOT_CLASS = YES_ERROR;
				CLANG_WARN_QUOTED_INCLUDE_IN_FRAMEWORK_HEADER = YES;
				CLANG_WARN_RANGE_LOOP_ANALYSIS = YES;
				CLANG_WARN_STRICT_PROTOTYPES = YES;
				CLANG_WARN_SUSPICIOUS_MOVE = YES;
				CLANG_WARN_UNGUARDED_AVAILABILITY = YES_AGGRESSIVE;
				CLANG_WARN_UNREACHABLE_CODE = YES;
				CLANG_WARN__DUPLICATE_METHOD_MATCH = YES;
				COPY_PHASE_STRIP = NO;
				DEBUG_INFORMATION_FORMAT = "dwarf-with-dsym";
				ENABLE_NS_ASSERTIONS = NO;
				ENABLE_STRICT_OBJC_MSGSEND = YES;
				GCC_C_LANGUAGE_STANDARD = gnu11;
				GCC_NO_COMMON_BLOCKS = YES;
				GCC_WARN_64_TO_32_BIT_CONVERSION = YES;
				GCC_WARN_ABOUT_RETURN_TYPE = YES_ERROR;
				GCC_WARN_UNDECLARED_SELECTOR = YES;
				GCC_WARN_UNINITIALIZED_AUTOS = YES_AGGRESSIVE;
				GCC_WARN_UNUSED_FUNCTION = YES;
				GCC_WARN_UNUSED_VARIABLE = YES;
				IPHONEOS_DEPLOYMENT_TARGET = 13.0;
				MTL_ENABLE_DEBUG_INFO = NO;
				MTL_FAST_MATH = YES;
				SDKROOT = iphoneos;
				SWIFT_COMPILATION_MODE = wholemodule;
				SWIFT_OPTIMIZATION_LEVEL = "-O";
				VALIDATE_PRODUCT = YES;
			};
			name = Release;
		};
		7FACD3B52617623C00B13822 /* Debug */ = {
			isa = XCBuildConfiguration;
			baseConfigurationReference = 6134D871CCFB6B0C00AA13B6 /* Pods-Pokemon.debug.xcconfig */;
			buildSettings = {
				ASSETCATALOG_COMPILER_APPICON_NAME = AppIcon;
				ASSETCATALOG_COMPILER_GLOBAL_ACCENT_COLOR_NAME = AccentColor;
				CODE_SIGN_STYLE = Automatic;
				DEVELOPMENT_TEAM = XD2NJY9SM3;
				INFOPLIST_FILE = Pokemon/Info.plist;
				LD_RUNPATH_SEARCH_PATHS = (
					"$(inherited)",
					"@executable_path/Frameworks",
				);
				PRODUCT_BUNDLE_IDENTIFIER = com.marliza.Pokemon;
				PRODUCT_NAME = "$(TARGET_NAME)";
				SWIFT_VERSION = 5.0;
				TARGETED_DEVICE_FAMILY = 1;
			};
			name = Debug;
		};
		7FACD3B62617623C00B13822 /* Release */ = {
			isa = XCBuildConfiguration;
			baseConfigurationReference = 6446D6BEBAB2ECD8FA584F79 /* Pods-Pokemon.release.xcconfig */;
			buildSettings = {
				ASSETCATALOG_COMPILER_APPICON_NAME = AppIcon;
				ASSETCATALOG_COMPILER_GLOBAL_ACCENT_COLOR_NAME = AccentColor;
				CODE_SIGN_STYLE = Automatic;
				DEVELOPMENT_TEAM = XD2NJY9SM3;
				INFOPLIST_FILE = Pokemon/Info.plist;
				LD_RUNPATH_SEARCH_PATHS = (
					"$(inherited)",
					"@executable_path/Frameworks",
				);
				PRODUCT_BUNDLE_IDENTIFIER = com.marliza.Pokemon;
				PRODUCT_NAME = "$(TARGET_NAME)";
				SWIFT_VERSION = 5.0;
				TARGETED_DEVICE_FAMILY = 1;
			};
			name = Release;
		};
		7FACD3B82617623C00B13822 /* Debug */ = {
			isa = XCBuildConfiguration;
			baseConfigurationReference = 77AD48CB6B40693E6D2DC2EA /* Pods-PokemonTests.debug.xcconfig */;
			buildSettings = {
				ALWAYS_EMBED_SWIFT_STANDARD_LIBRARIES = YES;
				BUNDLE_LOADER = "$(TEST_HOST)";
				CODE_SIGN_STYLE = Automatic;
				DEVELOPMENT_TEAM = XD2NJY9SM3;
				INFOPLIST_FILE = PokemonTests/Info.plist;
				IPHONEOS_DEPLOYMENT_TARGET = 14.4;
				LD_RUNPATH_SEARCH_PATHS = (
					"$(inherited)",
					"@executable_path/Frameworks",
					"@loader_path/Frameworks",
				);
				PRODUCT_BUNDLE_IDENTIFIER = com.marliza.PokemonTests;
				PRODUCT_NAME = "$(TARGET_NAME)";
				SWIFT_VERSION = 5.0;
				TARGETED_DEVICE_FAMILY = "1,2";
				TEST_HOST = "$(BUILT_PRODUCTS_DIR)/Pokemon.app/Pokemon";
			};
			name = Debug;
		};
		7FACD3B92617623C00B13822 /* Release */ = {
			isa = XCBuildConfiguration;
			baseConfigurationReference = 2F087A512499ADF444A19953 /* Pods-PokemonTests.release.xcconfig */;
			buildSettings = {
				ALWAYS_EMBED_SWIFT_STANDARD_LIBRARIES = YES;
				BUNDLE_LOADER = "$(TEST_HOST)";
				CODE_SIGN_STYLE = Automatic;
				DEVELOPMENT_TEAM = XD2NJY9SM3;
				INFOPLIST_FILE = PokemonTests/Info.plist;
				IPHONEOS_DEPLOYMENT_TARGET = 14.4;
				LD_RUNPATH_SEARCH_PATHS = (
					"$(inherited)",
					"@executable_path/Frameworks",
					"@loader_path/Frameworks",
				);
				PRODUCT_BUNDLE_IDENTIFIER = com.marliza.PokemonTests;
				PRODUCT_NAME = "$(TARGET_NAME)";
				SWIFT_VERSION = 5.0;
				TARGETED_DEVICE_FAMILY = "1,2";
				TEST_HOST = "$(BUILT_PRODUCTS_DIR)/Pokemon.app/Pokemon";
			};
			name = Release;
		};
		7FACD3BB2617623C00B13822 /* Debug */ = {
			isa = XCBuildConfiguration;
			baseConfigurationReference = E2D60CBA04A6D4E460925A8D /* Pods-Pokemon-PokemonUITests.debug.xcconfig */;
			buildSettings = {
				ALWAYS_EMBED_SWIFT_STANDARD_LIBRARIES = YES;
				CODE_SIGN_STYLE = Automatic;
				DEVELOPMENT_TEAM = XD2NJY9SM3;
				INFOPLIST_FILE = PokemonUITests/Info.plist;
				LD_RUNPATH_SEARCH_PATHS = (
					"$(inherited)",
					"@executable_path/Frameworks",
					"@loader_path/Frameworks",
				);
				PRODUCT_BUNDLE_IDENTIFIER = com.marliza.PokemonUITests;
				PRODUCT_NAME = "$(TARGET_NAME)";
				SWIFT_VERSION = 5.0;
				TARGETED_DEVICE_FAMILY = "1,2";
				TEST_TARGET_NAME = Pokemon;
			};
			name = Debug;
		};
		7FACD3BC2617623C00B13822 /* Release */ = {
			isa = XCBuildConfiguration;
			baseConfigurationReference = 7E49D02A694D32D2C333DD67 /* Pods-Pokemon-PokemonUITests.release.xcconfig */;
			buildSettings = {
				ALWAYS_EMBED_SWIFT_STANDARD_LIBRARIES = YES;
				CODE_SIGN_STYLE = Automatic;
				DEVELOPMENT_TEAM = XD2NJY9SM3;
				INFOPLIST_FILE = PokemonUITests/Info.plist;
				LD_RUNPATH_SEARCH_PATHS = (
					"$(inherited)",
					"@executable_path/Frameworks",
					"@loader_path/Frameworks",
				);
				PRODUCT_BUNDLE_IDENTIFIER = com.marliza.PokemonUITests;
				PRODUCT_NAME = "$(TARGET_NAME)";
				SWIFT_VERSION = 5.0;
				TARGETED_DEVICE_FAMILY = "1,2";
				TEST_TARGET_NAME = Pokemon;
			};
			name = Release;
		};
/* End XCBuildConfiguration section */

/* Begin XCConfigurationList section */
		7FACD3852617623B00B13822 /* Build configuration list for PBXProject "Pokemon" */ = {
			isa = XCConfigurationList;
			buildConfigurations = (
				7FACD3B22617623C00B13822 /* Debug */,
				7FACD3B32617623C00B13822 /* Release */,
			);
			defaultConfigurationIsVisible = 0;
			defaultConfigurationName = Release;
		};
		7FACD3B42617623C00B13822 /* Build configuration list for PBXNativeTarget "Pokemon" */ = {
			isa = XCConfigurationList;
			buildConfigurations = (
				7FACD3B52617623C00B13822 /* Debug */,
				7FACD3B62617623C00B13822 /* Release */,
			);
			defaultConfigurationIsVisible = 0;
			defaultConfigurationName = Release;
		};
		7FACD3B72617623C00B13822 /* Build configuration list for PBXNativeTarget "PokemonTests" */ = {
			isa = XCConfigurationList;
			buildConfigurations = (
				7FACD3B82617623C00B13822 /* Debug */,
				7FACD3B92617623C00B13822 /* Release */,
			);
			defaultConfigurationIsVisible = 0;
			defaultConfigurationName = Release;
		};
		7FACD3BA2617623C00B13822 /* Build configuration list for PBXNativeTarget "PokemonUITests" */ = {
			isa = XCConfigurationList;
			buildConfigurations = (
				7FACD3BB2617623C00B13822 /* Debug */,
				7FACD3BC2617623C00B13822 /* Release */,
			);
			defaultConfigurationIsVisible = 0;
			defaultConfigurationName = Release;
		};
/* End XCConfigurationList section */
	};
	rootObject = 7FACD3822617623B00B13822 /* Project object */;
}
